
Microsoft Visual Studio Solution File, Format Version 12.00
# Visual Studio Version 17
VisualStudioVersion = 17.0.32014.148
MinimumVisualStudioVersion = 10.0.40219.1
Project("{FAE04EC0-301F-11D3-BF4B-00C04F79EFBC}") = "P0Store", "P0Store.csproj", "{94051AD3-DF14-4AD3-ADA8-A386D075C527}"
EndProject
Global
	GlobalSection(SolutionConfigurationPlatforms) = preSolution
		Debug|Any CPU = Debug|Any CPU
		Release|Any CPU = Release|Any CPU
	EndGlobalSection
	GlobalSection(ProjectConfigurationPlatforms) = postSolution
		{94051AD3-DF14-4AD3-ADA8-A386D075C527}.Debug|Any CPU.ActiveCfg = Debug|Any CPU
		{94051AD3-DF14-4AD3-ADA8-A386D075C527}.Debug|Any CPU.Build.0 = Debug|Any CPU
		{94051AD3-DF14-4AD3-ADA8-A386D075C527}.Release|Any CPU.ActiveCfg = Release|Any CPU
		{94051AD3-DF14-4AD3-ADA8-A386D075C527}.Release|Any CPU.Build.0 = Release|Any CPU
	EndGlobalSection
	GlobalSection(SolutionProperties) = preSolution
		HideSolutionNode = FALSE
	EndGlobalSection
	GlobalSection(ExtensibilityGlobals) = postSolution
		SolutionGuid = {BD9A57F8-322F-489F-AE49-E7243FF5A71C}
	EndGlobalSection
EndGlobal
